
Microsoft Visual Studio Solution File, Format Version 12.00
# Visual Studio Version 17
VisualStudioVersion = 17.0.31903.59
MinimumVisualStudioVersion = 10.0.40219.1
Project("{2150E333-8FDC-42A3-9474-1A3956D46DE8}") = "backend", "backend", "{1AE8ACA6-933B-BF2A-3671-3E2EAC007D16}"
EndProject
Project("{FAE04EC0-301F-11D3-BF4B-00C04F79EFBC}") = "Zent.API", "backend\Zent.API\Zent.API.csproj", "{AA1330BE-9C12-4177-95E6-02F39A5C8152}"
EndProject
Project("{FAE04EC0-301F-11D3-BF4B-00C04F79EFBC}") = "Zent.Application", "backend\Zent.Application\Zent.Application.csproj", "{23CD742A-5649-4186-8703-3C0F5520A88F}"
EndProject
Project("{FAE04EC0-301F-11D3-BF4B-00C04F79EFBC}") = "Zent.Data", "backend\Zent.Data\Zent.Data.csproj", "{9011967E-3C72-40E8-9112-B6D0283D4444}"
EndProject
Project("{FAE04EC0-301F-11D3-BF4B-00C04F79EFBC}") = "Zent.Postgresql", "backend\Zent.Postgresql\Zent.Postgresql.csproj", "{1A653720-C420-43C7-82CE-6F64CCB8D8F9}"
EndProject
Project("{2150E333-8FDC-42A3-9474-1A3956D46DE8}") = "api", "api", "{07963E26-DCAD-4573-B2CA-1A39C53BF558}"
EndProject
Project("{2150E333-8FDC-42A3-9474-1A3956D46DE8}") = "core", "core", "{05FEB218-32DC-40CF-96B1-C4C9BDA4D3AE}"
EndProject
Project("{2150E333-8FDC-42A3-9474-1A3956D46DE8}") = "infrastructure", "infrastructure", "{9E445C3C-AFB2-4640-9953-DD642FD5567B}"
EndProject
Project("{FAE04EC0-301F-11D3-BF4B-00C04F79EFBC}") = "Zent.Infrastructure", "backend\Zent.Infrastructure\Zent.Infrastructure.csproj", "{8BAFC2A2-499A-4912-B859-D41D6A56BFAE}"
EndProject
Project("{FAE04EC0-301F-11D3-BF4B-00C04F79EFBC}") = "Zent.Common", "backend\Zent.Common\Zent.Common.csproj", "{933A2152-83F9-4CB0-8602-F1ABCE80E0EE}"
EndProject
Project("{2150E333-8FDC-42A3-9474-1A3956D46DE8}") = "tests", "tests", "{B1387062-B81D-4186-A9B6-3264CCE5054E}"
EndProject
Project("{FAE04EC0-301F-11D3-BF4B-00C04F79EFBC}") = "Zent.Unit.Tests", "tests\Zent.Unit.Tests\Zent.Unit.Tests.csproj", "{2850C7F8-79FA-4108-9F42-8922B953FA02}"
EndProject
Project("{FAE04EC0-301F-11D3-BF4B-00C04F79EFBC}") = "Zent.Integration.Tests", "tests\Zent.Integration.Tests\Zent.Integration.Tests.csproj", "{695ED1FB-4E60-4F25-8028-A317FE9820F5}"
EndProject
Global
	GlobalSection(SolutionConfigurationPlatforms) = preSolution
		Debug|Any CPU = Debug|Any CPU
		Debug|x64 = Debug|x64
		Debug|x86 = Debug|x86
		Release|Any CPU = Release|Any CPU
		Release|x64 = Release|x64
		Release|x86 = Release|x86
	EndGlobalSection
	GlobalSection(ProjectConfigurationPlatforms) = postSolution
		{AA1330BE-9C12-4177-95E6-02F39A5C8152}.Debug|Any CPU.ActiveCfg = Debug|Any CPU
		{AA1330BE-9C12-4177-95E6-02F39A5C8152}.Debug|Any CPU.Build.0 = Debug|Any CPU
		{AA1330BE-9C12-4177-95E6-02F39A5C8152}.Debug|x64.ActiveCfg = Debug|Any CPU
		{AA1330BE-9C12-4177-95E6-02F39A5C8152}.Debug|x64.Build.0 = Debug|Any CPU
		{AA1330BE-9C12-4177-95E6-02F39A5C8152}.Debug|x86.ActiveCfg = Debug|Any CPU
		{AA1330BE-9C12-4177-95E6-02F39A5C8152}.Debug|x86.Build.0 = Debug|Any CPU
		{AA1330BE-9C12-4177-95E6-02F39A5C8152}.Release|Any CPU.ActiveCfg = Release|Any CPU
		{AA1330BE-9C12-4177-95E6-02F39A5C8152}.Release|Any CPU.Build.0 = Release|Any CPU
		{AA1330BE-9C12-4177-95E6-02F39A5C8152}.Release|x64.ActiveCfg = Release|Any CPU
		{AA1330BE-9C12-4177-95E6-02F39A5C8152}.Release|x64.Build.0 = Release|Any CPU
		{AA1330BE-9C12-4177-95E6-02F39A5C8152}.Release|x86.ActiveCfg = Release|Any CPU
		{AA1330BE-9C12-4177-95E6-02F39A5C8152}.Release|x86.Build.0 = Release|Any CPU
		{23CD742A-5649-4186-8703-3C0F5520A88F}.Debug|Any CPU.ActiveCfg = Debug|Any CPU
		{23CD742A-5649-4186-8703-3C0F5520A88F}.Debug|Any CPU.Build.0 = Debug|Any CPU
		{23CD742A-5649-4186-8703-3C0F5520A88F}.Debug|x64.ActiveCfg = Debug|Any CPU
		{23CD742A-5649-4186-8703-3C0F5520A88F}.Debug|x64.Build.0 = Debug|Any CPU
		{23CD742A-5649-4186-8703-3C0F5520A88F}.Debug|x86.ActiveCfg = Debug|Any CPU
		{23CD742A-5649-4186-8703-3C0F5520A88F}.Debug|x86.Build.0 = Debug|Any CPU
		{23CD742A-5649-4186-8703-3C0F5520A88F}.Release|Any CPU.ActiveCfg = Release|Any CPU
		{23CD742A-5649-4186-8703-3C0F5520A88F}.Release|Any CPU.Build.0 = Release|Any CPU
		{23CD742A-5649-4186-8703-3C0F5520A88F}.Release|x64.ActiveCfg = Release|Any CPU
		{23CD742A-5649-4186-8703-3C0F5520A88F}.Release|x64.Build.0 = Release|Any CPU
		{23CD742A-5649-4186-8703-3C0F5520A88F}.Release|x86.ActiveCfg = Release|Any CPU
		{23CD742A-5649-4186-8703-3C0F5520A88F}.Release|x86.Build.0 = Release|Any CPU
		{9011967E-3C72-40E8-9112-B6D0283D4444}.Debug|Any CPU.ActiveCfg = Debug|Any CPU
		{9011967E-3C72-40E8-9112-B6D0283D4444}.Debug|Any CPU.Build.0 = Debug|Any CPU
		{9011967E-3C72-40E8-9112-B6D0283D4444}.Debug|x64.ActiveCfg = Debug|Any CPU
		{9011967E-3C72-40E8-9112-B6D0283D4444}.Debug|x64.Build.0 = Debug|Any CPU
		{9011967E-3C72-40E8-9112-B6D0283D4444}.Debug|x86.ActiveCfg = Debug|Any CPU
		{9011967E-3C72-40E8-9112-B6D0283D4444}.Debug|x86.Build.0 = Debug|Any CPU
		{9011967E-3C72-40E8-9112-B6D0283D4444}.Release|Any CPU.ActiveCfg = Release|Any CPU
		{9011967E-3C72-40E8-9112-B6D0283D4444}.Release|Any CPU.Build.0 = Release|Any CPU
		{9011967E-3C72-40E8-9112-B6D0283D4444}.Release|x64.ActiveCfg = Release|Any CPU
		{9011967E-3C72-40E8-9112-B6D0283D4444}.Release|x64.Build.0 = Release|Any CPU
		{9011967E-3C72-40E8-9112-B6D0283D4444}.Release|x86.ActiveCfg = Release|Any CPU
		{9011967E-3C72-40E8-9112-B6D0283D4444}.Release|x86.Build.0 = Release|Any CPU
		{1A653720-C420-43C7-82CE-6F64CCB8D8F9}.Debug|Any CPU.ActiveCfg = Debug|Any CPU
		{1A653720-C420-43C7-82CE-6F64CCB8D8F9}.Debug|Any CPU.Build.0 = Debug|Any CPU
		{1A653720-C420-43C7-82CE-6F64CCB8D8F9}.Debug|x64.ActiveCfg = Debug|Any CPU
		{1A653720-C420-43C7-82CE-6F64CCB8D8F9}.Debug|x64.Build.0 = Debug|Any CPU
		{1A653720-C420-43C7-82CE-6F64CCB8D8F9}.Debug|x86.ActiveCfg = Debug|Any CPU
		{1A653720-C420-43C7-82CE-6F64CCB8D8F9}.Debug|x86.Build.0 = Debug|Any CPU
		{1A653720-C420-43C7-82CE-6F64CCB8D8F9}.Release|Any CPU.ActiveCfg = Release|Any CPU
		{1A653720-C420-43C7-82CE-6F64CCB8D8F9}.Release|Any CPU.Build.0 = Release|Any CPU
		{1A653720-C420-43C7-82CE-6F64CCB8D8F9}.Release|x64.ActiveCfg = Release|Any CPU
		{1A653720-C420-43C7-82CE-6F64CCB8D8F9}.Release|x64.Build.0 = Release|Any CPU
		{1A653720-C420-43C7-82CE-6F64CCB8D8F9}.Release|x86.ActiveCfg = Release|Any CPU
		{1A653720-C420-43C7-82CE-6F64CCB8D8F9}.Release|x86.Build.0 = Release|Any CPU
		{8BAFC2A2-499A-4912-B859-D41D6A56BFAE}.Debug|Any CPU.ActiveCfg = Debug|Any CPU
		{8BAFC2A2-499A-4912-B859-D41D6A56BFAE}.Debug|Any CPU.Build.0 = Debug|Any CPU
		{8BAFC2A2-499A-4912-B859-D41D6A56BFAE}.Debug|x64.ActiveCfg = Debug|Any CPU
		{8BAFC2A2-499A-4912-B859-D41D6A56BFAE}.Debug|x64.Build.0 = Debug|Any CPU
		{8BAFC2A2-499A-4912-B859-D41D6A56BFAE}.Debug|x86.ActiveCfg = Debug|Any CPU
		{8BAFC2A2-499A-4912-B859-D41D6A56BFAE}.Debug|x86.Build.0 = Debug|Any CPU
		{8BAFC2A2-499A-4912-B859-D41D6A56BFAE}.Release|Any CPU.ActiveCfg = Release|Any CPU
		{8BAFC2A2-499A-4912-B859-D41D6A56BFAE}.Release|Any CPU.Build.0 = Release|Any CPU
		{8BAFC2A2-499A-4912-B859-D41D6A56BFAE}.Release|x64.ActiveCfg = Release|Any CPU
		{8BAFC2A2-499A-4912-B859-D41D6A56BFAE}.Release|x64.Build.0 = Release|Any CPU
		{8BAFC2A2-499A-4912-B859-D41D6A56BFAE}.Release|x86.ActiveCfg = Release|Any CPU
		{8BAFC2A2-499A-4912-B859-D41D6A56BFAE}.Release|x86.Build.0 = Release|Any CPU
		{933A2152-83F9-4CB0-8602-F1ABCE80E0EE}.Debug|Any CPU.ActiveCfg = Debug|Any CPU
		{933A2152-83F9-4CB0-8602-F1ABCE80E0EE}.Debug|Any CPU.Build.0 = Debug|Any CPU
		{933A2152-83F9-4CB0-8602-F1ABCE80E0EE}.Debug|x64.ActiveCfg = Debug|Any CPU
		{933A2152-83F9-4CB0-8602-F1ABCE80E0EE}.Debug|x64.Build.0 = Debug|Any CPU
		{933A2152-83F9-4CB0-8602-F1ABCE80E0EE}.Debug|x86.ActiveCfg = Debug|Any CPU
		{933A2152-83F9-4CB0-8602-F1ABCE80E0EE}.Debug|x86.Build.0 = Debug|Any CPU
		{933A2152-83F9-4CB0-8602-F1ABCE80E0EE}.Release|Any CPU.ActiveCfg = Release|Any CPU
		{933A2152-83F9-4CB0-8602-F1ABCE80E0EE}.Release|Any CPU.Build.0 = Release|Any CPU
		{933A2152-83F9-4CB0-8602-F1ABCE80E0EE}.Release|x64.ActiveCfg = Release|Any CPU
		{933A2152-83F9-4CB0-8602-F1ABCE80E0EE}.Release|x64.Build.0 = Release|Any CPU
		{933A2152-83F9-4CB0-8602-F1ABCE80E0EE}.Release|x86.ActiveCfg = Release|Any CPU
		{933A2152-83F9-4CB0-8602-F1ABCE80E0EE}.Release|x86.Build.0 = Release|Any CPU
		{2850C7F8-79FA-4108-9F42-8922B953FA02}.Debug|Any CPU.ActiveCfg = Debug|Any CPU
		{2850C7F8-79FA-4108-9F42-8922B953FA02}.Debug|Any CPU.Build.0 = Debug|Any CPU
		{2850C7F8-79FA-4108-9F42-8922B953FA02}.Debug|x64.ActiveCfg = Debug|Any CPU
		{2850C7F8-79FA-4108-9F42-8922B953FA02}.Debug|x64.Build.0 = Debug|Any CPU
		{2850C7F8-79FA-4108-9F42-8922B953FA02}.Debug|x86.ActiveCfg = Debug|Any CPU
		{2850C7F8-79FA-4108-9F42-8922B953FA02}.Debug|x86.Build.0 = Debug|Any CPU
		{2850C7F8-79FA-4108-9F42-8922B953FA02}.Release|Any CPU.ActiveCfg = Release|Any CPU
		{2850C7F8-79FA-4108-9F42-8922B953FA02}.Release|Any CPU.Build.0 = Release|Any CPU
		{2850C7F8-79FA-4108-9F42-8922B953FA02}.Release|x64.ActiveCfg = Release|Any CPU
		{2850C7F8-79FA-4108-9F42-8922B953FA02}.Release|x64.Build.0 = Release|Any CPU
		{2850C7F8-79FA-4108-9F42-8922B953FA02}.Release|x86.ActiveCfg = Release|Any CPU
		{2850C7F8-79FA-4108-9F42-8922B953FA02}.Release|x86.Build.0 = Release|Any CPU
		{695ED1FB-4E60-4F25-8028-A317FE9820F5}.Debug|Any CPU.ActiveCfg = Debug|Any CPU
		{695ED1FB-4E60-4F25-8028-A317FE9820F5}.Debug|Any CPU.Build.0 = Debug|Any CPU
		{695ED1FB-4E60-4F25-8028-A317FE9820F5}.Debug|x64.ActiveCfg = Debug|Any CPU
		{695ED1FB-4E60-4F25-8028-A317FE9820F5}.Debug|x64.Build.0 = Debug|Any CPU
		{695ED1FB-4E60-4F25-8028-A317FE9820F5}.Debug|x86.ActiveCfg = Debug|Any CPU
		{695ED1FB-4E60-4F25-8028-A317FE9820F5}.Debug|x86.Build.0 = Debug|Any CPU
		{695ED1FB-4E60-4F25-8028-A317FE9820F5}.Release|Any CPU.ActiveCfg = Release|Any CPU
		{695ED1FB-4E60-4F25-8028-A317FE9820F5}.Release|Any CPU.Build.0 = Release|Any CPU
		{695ED1FB-4E60-4F25-8028-A317FE9820F5}.Release|x64.ActiveCfg = Release|Any CPU
		{695ED1FB-4E60-4F25-8028-A317FE9820F5}.Release|x64.Build.0 = Release|Any CPU
		{695ED1FB-4E60-4F25-8028-A317FE9820F5}.Release|x86.ActiveCfg = Release|Any CPU
		{695ED1FB-4E60-4F25-8028-A317FE9820F5}.Release|x86.Build.0 = Release|Any CPU
	EndGlobalSection
	GlobalSection(SolutionProperties) = preSolution
		HideSolutionNode = FALSE
	EndGlobalSection
	GlobalSection(NestedProjects) = preSolution
		{07963E26-DCAD-4573-B2CA-1A39C53BF558} = {1AE8ACA6-933B-BF2A-3671-3E2EAC007D16}
		{AA1330BE-9C12-4177-95E6-02F39A5C8152} = {07963E26-DCAD-4573-B2CA-1A39C53BF558}
		{05FEB218-32DC-40CF-96B1-C4C9BDA4D3AE} = {1AE8ACA6-933B-BF2A-3671-3E2EAC007D16}
		{23CD742A-5649-4186-8703-3C0F5520A88F} = {05FEB218-32DC-40CF-96B1-C4C9BDA4D3AE}
		{9E445C3C-AFB2-4640-9953-DD642FD5567B} = {1AE8ACA6-933B-BF2A-3671-3E2EAC007D16}
		{9011967E-3C72-40E8-9112-B6D0283D4444} = {9E445C3C-AFB2-4640-9953-DD642FD5567B}
		{1A653720-C420-43C7-82CE-6F64CCB8D8F9} = {9E445C3C-AFB2-4640-9953-DD642FD5567B}
		{8BAFC2A2-499A-4912-B859-D41D6A56BFAE} = {9E445C3C-AFB2-4640-9953-DD642FD5567B}
		{933A2152-83F9-4CB0-8602-F1ABCE80E0EE} = {05FEB218-32DC-40CF-96B1-C4C9BDA4D3AE}
		{2850C7F8-79FA-4108-9F42-8922B953FA02} = {B1387062-B81D-4186-A9B6-3264CCE5054E}
		{695ED1FB-4E60-4F25-8028-A317FE9820F5} = {B1387062-B81D-4186-A9B6-3264CCE5054E}
	EndGlobalSection
EndGlobal
